// !$*UTF8*$!
{
	archiveVersion = 1;
	classes = {
	};
	objectVersion = 56;
	objects = {

/* Begin PBXBuildFile section */
		9E0CE6F22C8C403F008196A0 /* GoogleService-Info.plist in Resources */ = {isa = PBXBuildFile; fileRef = 9E0CE6F12C8C403F008196A0 /* GoogleService-Info.plist */; };
		9E0CE6F62C8C420B008196A0 /* GoogleSignIn in Frameworks */ = {isa = PBXBuildFile; productRef = 9E0CE6F52C8C420B008196A0 /* GoogleSignIn */; };
		9E0CE6F82C8C420B008196A0 /* GoogleSignInSwift in Frameworks */ = {isa = PBXBuildFile; productRef = 9E0CE6F72C8C420B008196A0 /* GoogleSignInSwift */; };
		9E0CE6FA2C8C42EC008196A0 /* FirebaseAuth in Frameworks */ = {isa = PBXBuildFile; productRef = 9E0CE6F92C8C42EC008196A0 /* FirebaseAuth */; };
		9E0CE6FC2C8C42EC008196A0 /* FirebaseAuthCombine-Community in Frameworks */ = {isa = PBXBuildFile; productRef = 9E0CE6FB2C8C42EC008196A0 /* FirebaseAuthCombine-Community */; };
		9E0CE6FE2C8C42EC008196A0 /* FirebaseCrashlytics in Frameworks */ = {isa = PBXBuildFile; productRef = 9E0CE6FD2C8C42EC008196A0 /* FirebaseCrashlytics */; };
		9E0CE7002C8C42EC008196A0 /* FirebaseDatabase in Frameworks */ = {isa = PBXBuildFile; productRef = 9E0CE6FF2C8C42EC008196A0 /* FirebaseDatabase */; };
		9E0CE7022C8C42EC008196A0 /* FirebaseFirestore in Frameworks */ = {isa = PBXBuildFile; productRef = 9E0CE7012C8C42EC008196A0 /* FirebaseFirestore */; };
		9E0CE7042C8C42EC008196A0 /* FirebaseFirestoreCombine-Community in Frameworks */ = {isa = PBXBuildFile; productRef = 9E0CE7032C8C42EC008196A0 /* FirebaseFirestoreCombine-Community */; };
		9E0CE7062C8C42EC008196A0 /* FirebaseStorage in Frameworks */ = {isa = PBXBuildFile; productRef = 9E0CE7052C8C42EC008196A0 /* FirebaseStorage */; };
		9E0CE7092C8C5022008196A0 /* CrashView.swift in Sources */ = {isa = PBXBuildFile; fileRef = 9E0CE7082C8C5022008196A0 /* CrashView.swift */; };
		9E9BC69B2C8F59F500382B77 /* FirebaseAnalytics in Frameworks */ = {isa = PBXBuildFile; productRef = 9E9BC69A2C8F59F500382B77 /* FirebaseAnalytics */; };
		FA0F80452C6C76E300CBD29B /* Query.swift in Sources */ = {isa = PBXBuildFile; fileRef = FA0F80442C6C76E300CBD29B /* Query.swift */; };
		FA0F80482C6DD26000CBD29B /* TabbarView.swift in Sources */ = {isa = PBXBuildFile; fileRef = FA0F80472C6DD26000CBD29B /* TabbarView.swift */; };
		FA0F804D2C6DE38900CBD29B /* FavoritesView.swift in Sources */ = {isa = PBXBuildFile; fileRef = FA0F804C2C6DE38900CBD29B /* FavoritesView.swift */; };
		FA0F804F2C6EE60600CBD29B /* FavoritesViewModel.swift in Sources */ = {isa = PBXBuildFile; fileRef = FA0F804E2C6EE60600CBD29B /* FavoritesViewModel.swift */; };
		FA0F80512C6EF8EA00CBD29B /* ProductCellBuilderView.swift in Sources */ = {isa = PBXBuildFile; fileRef = FA0F80502C6EF8EA00CBD29B /* ProductCellBuilderView.swift */; };
		FA31185C2C5954E3004A9CDE /* ViewController.swift in Sources */ = {isa = PBXBuildFile; fileRef = FA31185B2C5954E3004A9CDE /* ViewController.swift */; };
		FA31185E2C59BAC2004A9CDE /* GoogleSignInHelper.swift in Sources */ = {isa = PBXBuildFile; fileRef = FA31185D2C59BAC2004A9CDE /* GoogleSignInHelper.swift */; };
		FA3118612C5A3F5F004A9CDE /* AppleSignInHelper.swift in Sources */ = {isa = PBXBuildFile; fileRef = FA3118602C5A3F5F004A9CDE /* AppleSignInHelper.swift */; };
		FA4D5D002C55545A0063293A /* SettingsView.swift in Sources */ = {isa = PBXBuildFile; fileRef = FA4D5CFF2C55545A0063293A /* SettingsView.swift */; };
		FA65BE0C2C535AE7001624A9 /* FirebasePracticeApp.swift in Sources */ = {isa = PBXBuildFile; fileRef = FA65BE0B2C535AE7001624A9 /* FirebasePracticeApp.swift */; };
		FA65BE102C535AEB001624A9 /* Assets.xcassets in Resources */ = {isa = PBXBuildFile; fileRef = FA65BE0F2C535AEB001624A9 /* Assets.xcassets */; };
		FA65BE132C535AEB001624A9 /* Preview Assets.xcassets in Resources */ = {isa = PBXBuildFile; fileRef = FA65BE122C535AEB001624A9 /* Preview Assets.xcassets */; };
		FA65BE252C53CF27001624A9 /* AuthenticationView.swift in Sources */ = {isa = PBXBuildFile; fileRef = FA65BE242C53CF27001624A9 /* AuthenticationView.swift */; };
		FA65BE272C54064E001624A9 /* SignInEmailView.swift in Sources */ = {isa = PBXBuildFile; fileRef = FA65BE262C54064E001624A9 /* SignInEmailView.swift */; };
		FA8E48A72C66193F00D2A3C0 /* ProductManager.swift in Sources */ = {isa = PBXBuildFile; fileRef = FA8E48A62C66193F00D2A3C0 /* ProductManager.swift */; };
		FA8E48A92C661A0500D2A3C0 /* ProductDatabase.swift in Sources */ = {isa = PBXBuildFile; fileRef = FA8E48A82C661A0500D2A3C0 /* ProductDatabase.swift */; };
		FA8E48AC2C66398F00D2A3C0 /* ProductsView.swift in Sources */ = {isa = PBXBuildFile; fileRef = FA8E48AB2C66398F00D2A3C0 /* ProductsView.swift */; };
		FA8E48AE2C6639AC00D2A3C0 /* ProductsViewModel.swift in Sources */ = {isa = PBXBuildFile; fileRef = FA8E48AD2C6639AC00D2A3C0 /* ProductsViewModel.swift */; };
		FA8E48B12C66ECF400D2A3C0 /* ProductCellView.swift in Sources */ = {isa = PBXBuildFile; fileRef = FA8E48B02C66ECF400D2A3C0 /* ProductCellView.swift */; };
		FA94E14C2C776A4500287070 /* OnFirstAppearViewModifier.swift in Sources */ = {isa = PBXBuildFile; fileRef = FA94E14B2C776A4500287070 /* OnFirstAppearViewModifier.swift */; };
		FA94E14E2C7DAEF300287070 /* StorageManager.swift in Sources */ = {isa = PBXBuildFile; fileRef = FA94E14D2C7DAEF300287070 /* StorageManager.swift */; };
		FAD725FD2C54D328001C3F22 /* AuthenticationManager.swift in Sources */ = {isa = PBXBuildFile; fileRef = FAD725FC2C54D328001C3F22 /* AuthenticationManager.swift */; };
		FAD725FF2C54D63E001C3F22 /* AuthDataModel.swift in Sources */ = {isa = PBXBuildFile; fileRef = FAD725FE2C54D63E001C3F22 /* AuthDataModel.swift */; };
		FAD726012C54DE13001C3F22 /* RootView.swift in Sources */ = {isa = PBXBuildFile; fileRef = FAD726002C54DE13001C3F22 /* RootView.swift */; };
		FADFF4E22C5C9EE000F2BCB1 /* AuthenticationViewModel.swift in Sources */ = {isa = PBXBuildFile; fileRef = FADFF4E12C5C9EE000F2BCB1 /* AuthenticationViewModel.swift */; };
		FADFF4E52C5C9F7900F2BCB1 /* SignInEmailViewModel.swift in Sources */ = {isa = PBXBuildFile; fileRef = FADFF4E42C5C9F7900F2BCB1 /* SignInEmailViewModel.swift */; };
		FADFF4E82C5C9FD500F2BCB1 /* SettingsViewModel.swift in Sources */ = {isa = PBXBuildFile; fileRef = FADFF4E72C5C9FD500F2BCB1 /* SettingsViewModel.swift */; };
		FADFF4EB2C5CA5C500F2BCB1 /* UserManager.swift in Sources */ = {isa = PBXBuildFile; fileRef = FADFF4EA2C5CA5C500F2BCB1 /* UserManager.swift */; };
		FADFF4EE2C5CB4AC00F2BCB1 /* ProfileView.swift in Sources */ = {isa = PBXBuildFile; fileRef = FADFF4ED2C5CB4AC00F2BCB1 /* ProfileView.swift */; };
		FADFF4F02C5CB4BE00F2BCB1 /* ProfileViewModel.swift in Sources */ = {isa = PBXBuildFile; fileRef = FADFF4EF2C5CB4BE00F2BCB1 /* ProfileViewModel.swift */; };
/* End PBXBuildFile section */

/* Begin PBXFileReference section */
		9E0CE6F12C8C403F008196A0 /* GoogleService-Info.plist */ = {isa = PBXFileReference; fileEncoding = 4; lastKnownFileType = text.plist.xml; path = "GoogleService-Info.plist"; sourceTree = "<group>"; };
		9E0CE7082C8C5022008196A0 /* CrashView.swift */ = {isa = PBXFileReference; lastKnownFileType = sourcecode.swift; path = CrashView.swift; sourceTree = "<group>"; };
		9E9BC6992C8F57E800382B77 /* FirebasePractice.entitlements */ = {isa = PBXFileReference; lastKnownFileType = text.plist.entitlements; path = FirebasePractice.entitlements; sourceTree = "<group>"; };
		FA05E62C2C59471F00711498 /* Info.plist */ = {isa = PBXFileReference; lastKnownFileType = text.plist; path = Info.plist; sourceTree = "<group>"; };
		FA0F80442C6C76E300CBD29B /* Query.swift */ = {isa = PBXFileReference; lastKnownFileType = sourcecode.swift; path = Query.swift; sourceTree = "<group>"; };
		FA0F80472C6DD26000CBD29B /* TabbarView.swift */ = {isa = PBXFileReference; lastKnownFileType = sourcecode.swift; path = TabbarView.swift; sourceTree = "<group>"; };
		FA0F804C2C6DE38900CBD29B /* FavoritesView.swift */ = {isa = PBXFileReference; lastKnownFileType = sourcecode.swift; path = FavoritesView.swift; sourceTree = "<group>"; };
		FA0F804E2C6EE60600CBD29B /* FavoritesViewModel.swift */ = {isa = PBXFileReference; lastKnownFileType = sourcecode.swift; path = FavoritesViewModel.swift; sourceTree = "<group>"; };
		FA0F80502C6EF8EA00CBD29B /* ProductCellBuilderView.swift */ = {isa = PBXFileReference; lastKnownFileType = sourcecode.swift; path = ProductCellBuilderView.swift; sourceTree = "<group>"; };
		FA31185B2C5954E3004A9CDE /* ViewController.swift */ = {isa = PBXFileReference; lastKnownFileType = sourcecode.swift; path = ViewController.swift; sourceTree = "<group>"; };
		FA31185D2C59BAC2004A9CDE /* GoogleSignInHelper.swift */ = {isa = PBXFileReference; lastKnownFileType = sourcecode.swift; path = GoogleSignInHelper.swift; sourceTree = "<group>"; };
		FA3118602C5A3F5F004A9CDE /* AppleSignInHelper.swift */ = {isa = PBXFileReference; lastKnownFileType = sourcecode.swift; path = AppleSignInHelper.swift; sourceTree = "<group>"; };
		FA4D5CFF2C55545A0063293A /* SettingsView.swift */ = {isa = PBXFileReference; lastKnownFileType = sourcecode.swift; path = SettingsView.swift; sourceTree = "<group>"; };
		FA65BE082C535AE6001624A9 /* FirebasePractice.app */ = {isa = PBXFileReference; explicitFileType = wrapper.application; includeInIndex = 0; path = FirebasePractice.app; sourceTree = BUILT_PRODUCTS_DIR; };
		FA65BE0B2C535AE7001624A9 /* FirebasePracticeApp.swift */ = {isa = PBXFileReference; lastKnownFileType = sourcecode.swift; path = FirebasePracticeApp.swift; sourceTree = "<group>"; };
		FA65BE0F2C535AEB001624A9 /* Assets.xcassets */ = {isa = PBXFileReference; lastKnownFileType = folder.assetcatalog; path = Assets.xcassets; sourceTree = "<group>"; };
		FA65BE122C535AEB001624A9 /* Preview Assets.xcassets */ = {isa = PBXFileReference; lastKnownFileType = folder.assetcatalog; path = "Preview Assets.xcassets"; sourceTree = "<group>"; };
		FA65BE242C53CF27001624A9 /* AuthenticationView.swift */ = {isa = PBXFileReference; lastKnownFileType = sourcecode.swift; name = AuthenticationView.swift; path = ../../Authentication/AuthenticationView.swift; sourceTree = "<group>"; };
		FA65BE262C54064E001624A9 /* SignInEmailView.swift */ = {isa = PBXFileReference; lastKnownFileType = sourcecode.swift; path = SignInEmailView.swift; sourceTree = "<group>"; };
		FA8E48A62C66193F00D2A3C0 /* ProductManager.swift */ = {isa = PBXFileReference; lastKnownFileType = sourcecode.swift; path = ProductManager.swift; sourceTree = "<group>"; };
		FA8E48A82C661A0500D2A3C0 /* ProductDatabase.swift */ = {isa = PBXFileReference; lastKnownFileType = sourcecode.swift; path = ProductDatabase.swift; sourceTree = "<group>"; };
		FA8E48AB2C66398F00D2A3C0 /* ProductsView.swift */ = {isa = PBXFileReference; lastKnownFileType = sourcecode.swift; path = ProductsView.swift; sourceTree = "<group>"; };
		FA8E48AD2C6639AC00D2A3C0 /* ProductsViewModel.swift */ = {isa = PBXFileReference; lastKnownFileType = sourcecode.swift; path = ProductsViewModel.swift; sourceTree = "<group>"; };
		FA8E48B02C66ECF400D2A3C0 /* ProductCellView.swift */ = {isa = PBXFileReference; lastKnownFileType = sourcecode.swift; path = ProductCellView.swift; sourceTree = "<group>"; };
		FA94E14B2C776A4500287070 /* OnFirstAppearViewModifier.swift */ = {isa = PBXFileReference; lastKnownFileType = sourcecode.swift; path = OnFirstAppearViewModifier.swift; sourceTree = "<group>"; };
		FA94E14D2C7DAEF300287070 /* StorageManager.swift */ = {isa = PBXFileReference; lastKnownFileType = sourcecode.swift; path = StorageManager.swift; sourceTree = "<group>"; };
		FAD725FC2C54D328001C3F22 /* AuthenticationManager.swift */ = {isa = PBXFileReference; lastKnownFileType = sourcecode.swift; path = AuthenticationManager.swift; sourceTree = "<group>"; };
		FAD725FE2C54D63E001C3F22 /* AuthDataModel.swift */ = {isa = PBXFileReference; lastKnownFileType = sourcecode.swift; path = AuthDataModel.swift; sourceTree = "<group>"; };
		FAD726002C54DE13001C3F22 /* RootView.swift */ = {isa = PBXFileReference; lastKnownFileType = sourcecode.swift; path = RootView.swift; sourceTree = "<group>"; };
		FADFF4E12C5C9EE000F2BCB1 /* AuthenticationViewModel.swift */ = {isa = PBXFileReference; lastKnownFileType = sourcecode.swift; path = AuthenticationViewModel.swift; sourceTree = "<group>"; };
		FADFF4E42C5C9F7900F2BCB1 /* SignInEmailViewModel.swift */ = {isa = PBXFileReference; lastKnownFileType = sourcecode.swift; path = SignInEmailViewModel.swift; sourceTree = "<group>"; };
		FADFF4E72C5C9FD500F2BCB1 /* SettingsViewModel.swift */ = {isa = PBXFileReference; lastKnownFileType = sourcecode.swift; path = SettingsViewModel.swift; sourceTree = "<group>"; };
		FADFF4EA2C5CA5C500F2BCB1 /* UserManager.swift */ = {isa = PBXFileReference; lastKnownFileType = sourcecode.swift; path = UserManager.swift; sourceTree = "<group>"; };
		FADFF4ED2C5CB4AC00F2BCB1 /* ProfileView.swift */ = {isa = PBXFileReference; lastKnownFileType = sourcecode.swift; path = ProfileView.swift; sourceTree = "<group>"; };
		FADFF4EF2C5CB4BE00F2BCB1 /* ProfileViewModel.swift */ = {isa = PBXFileReference; lastKnownFileType = sourcecode.swift; path = ProfileViewModel.swift; sourceTree = "<group>"; };
/* End PBXFileReference section */

/* Begin PBXFrameworksBuildPhase section */
		FA65BE052C535AE6001624A9 /* Frameworks */ = {
			isa = PBXFrameworksBuildPhase;
			buildActionMask = 2147483647;
			files = (
				9E0CE7002C8C42EC008196A0 /* FirebaseDatabase in Frameworks */,
				9E0CE7042C8C42EC008196A0 /* FirebaseFirestoreCombine-Community in Frameworks */,
				9E0CE7062C8C42EC008196A0 /* FirebaseStorage in Frameworks */,
				9E0CE6F62C8C420B008196A0 /* GoogleSignIn in Frameworks */,
				9E0CE6FA2C8C42EC008196A0 /* FirebaseAuth in Frameworks */,
				9E0CE6FE2C8C42EC008196A0 /* FirebaseCrashlytics in Frameworks */,
				9E0CE6F82C8C420B008196A0 /* GoogleSignInSwift in Frameworks */,
				9E0CE6FC2C8C42EC008196A0 /* FirebaseAuthCombine-Community in Frameworks */,
				9E9BC69B2C8F59F500382B77 /* FirebaseAnalytics in Frameworks */,
				9E0CE7022C8C42EC008196A0 /* FirebaseFirestore in Frameworks */,
			);
			runOnlyForDeploymentPostprocessing = 0;
		};
/* End PBXFrameworksBuildPhase section */

/* Begin PBXGroup section */
		9E0CE7072C8C4FEC008196A0 /* Crashlytics */ = {
			isa = PBXGroup;
			children = (
				9E0CE7082C8C5022008196A0 /* CrashView.swift */,
			);
			path = Crashlytics;
			sourceTree = "<group>";
		};
		FA0F80422C6BCC6400CBD29B /* App */ = {
			isa = PBXGroup;
			children = (
				FA65BE0B2C535AE7001624A9 /* FirebasePracticeApp.swift */,
			);
			path = App;
			sourceTree = "<group>";
		};
		FA0F80432C6C76BC00CBD29B /* Extensions */ = {
			isa = PBXGroup;
			children = (
				FA0F80442C6C76E300CBD29B /* Query.swift */,
			);
			path = Extensions;
			sourceTree = "<group>";
		};
		FA0F80462C6DD23100CBD29B /* TabBar */ = {
			isa = PBXGroup;
			children = (
				FA0F80472C6DD26000CBD29B /* TabbarView.swift */,
			);
			path = TabBar;
			sourceTree = "<group>";
		};
		FA0F804B2C6DE36400CBD29B /* Favorite */ = {
			isa = PBXGroup;
			children = (
				FA0F804C2C6DE38900CBD29B /* FavoritesView.swift */,
				FA0F804E2C6EE60600CBD29B /* FavoritesViewModel.swift */,
			);
			path = Favorite;
			sourceTree = "<group>";
		};
		FA31185A2C5954B6004A9CDE /* Utilities */ = {
			isa = PBXGroup;
			children = (
				FAD725FE2C54D63E001C3F22 /* AuthDataModel.swift */,
				FA31185B2C5954E3004A9CDE /* ViewController.swift */,
				FA8E48A82C661A0500D2A3C0 /* ProductDatabase.swift */,
			);
			path = Utilities;
			sourceTree = "<group>";
		};
		FA3118662C5C9D98004A9CDE /* Core */ = {
			isa = PBXGroup;
			children = (
				FAD726002C54DE13001C3F22 /* RootView.swift */,
				FA3118672C5C9DB1004A9CDE /* Authentication */,
				FA0F80462C6DD23100CBD29B /* TabBar */,
				FA8E48AA2C66395A00D2A3C0 /* Product */,
				FA0F804B2C6DE36400CBD29B /* Favorite */,
				FADFF4EC2C5CB48100F2BCB1 /* Profile */,
				FADFF4E62C5C9FB900F2BCB1 /* Settings */,
			);
			path = Core;
			sourceTree = "<group>";
		};
		FA3118672C5C9DB1004A9CDE /* Authentication */ = {
			isa = PBXGroup;
			children = (
				FA65BE242C53CF27001624A9 /* AuthenticationView.swift */,
				FADFF4E12C5C9EE000F2BCB1 /* AuthenticationViewModel.swift */,
				FADFF4E32C5C9F3A00F2BCB1 /* Subviews */,
			);
			path = Authentication;
			sourceTree = "<group>";
		};
		FA65BDFF2C535AE6001624A9 = {
			isa = PBXGroup;
			children = (
				FA65BE0A2C535AE7001624A9 /* FirebasePractice */,
				FA65BE092C535AE6001624A9 /* Products */,
				FA65BE202C53CEB3001624A9 /* Frameworks */,
			);
			sourceTree = "<group>";
		};
		FA65BE092C535AE6001624A9 /* Products */ = {
			isa = PBXGroup;
			children = (
				FA65BE082C535AE6001624A9 /* FirebasePractice.app */,
			);
			name = Products;
			sourceTree = "<group>";
		};
		FA65BE0A2C535AE7001624A9 /* FirebasePractice */ = {
			isa = PBXGroup;
			children = (
				9E9BC6992C8F57E800382B77 /* FirebasePractice.entitlements */,
				9E0CE6F12C8C403F008196A0 /* GoogleService-Info.plist */,
				FA05E62C2C59471F00711498 /* Info.plist */,
				FA0F80422C6BCC6400CBD29B /* App */,
				FA3118662C5C9D98004A9CDE /* Core */,
				FA94E1492C77669C00287070 /* Components */,
				FA31185A2C5954B6004A9CDE /* Utilities */,
				FA0F80432C6C76BC00CBD29B /* Extensions */,
				FA65BE232C53CEBD001624A9 /* Authentication */,
				9E0CE7072C8C4FEC008196A0 /* Crashlytics */,
				FADFF4E92C5CA54D00F2BCB1 /* Firestore */,
				FA65BE0F2C535AEB001624A9 /* Assets.xcassets */,
				FA65BE112C535AEB001624A9 /* Preview Content */,
			);
			path = FirebasePractice;
			sourceTree = "<group>";
		};
		FA65BE112C535AEB001624A9 /* Preview Content */ = {
			isa = PBXGroup;
			children = (
				FA65BE122C535AEB001624A9 /* Preview Assets.xcassets */,
			);
			path = "Preview Content";
			sourceTree = "<group>";
		};
		FA65BE202C53CEB3001624A9 /* Frameworks */ = {
			isa = PBXGroup;
			children = (
			);
			name = Frameworks;
			sourceTree = "<group>";
		};
		FA65BE232C53CEBD001624A9 /* Authentication */ = {
			isa = PBXGroup;
			children = (
				FAD725FC2C54D328001C3F22 /* AuthenticationManager.swift */,
				FA31185D2C59BAC2004A9CDE /* GoogleSignInHelper.swift */,
				FA3118602C5A3F5F004A9CDE /* AppleSignInHelper.swift */,
			);
			path = Authentication;
			sourceTree = "<group>";
		};
		FA8E48AA2C66395A00D2A3C0 /* Product */ = {
			isa = PBXGroup;
			children = (
				FA8E48AF2C66ECDD00D2A3C0 /* SubViews */,
				FA8E48AB2C66398F00D2A3C0 /* ProductsView.swift */,
				FA8E48AD2C6639AC00D2A3C0 /* ProductsViewModel.swift */,
			);
			path = Product;
			sourceTree = "<group>";
		};
		FA8E48AF2C66ECDD00D2A3C0 /* SubViews */ = {
			isa = PBXGroup;
			children = (
				FA8E48B02C66ECF400D2A3C0 /* ProductCellView.swift */,
				FA0F80502C6EF8EA00CBD29B /* ProductCellBuilderView.swift */,
			);
			path = SubViews;
			sourceTree = "<group>";
		};
		FA94E1492C77669C00287070 /* Components */ = {
			isa = PBXGroup;
			children = (
				FA94E14A2C7766C300287070 /* ViewModifiers */,
			);
			path = Components;
			sourceTree = "<group>";
		};
		FA94E14A2C7766C300287070 /* ViewModifiers */ = {
			isa = PBXGroup;
			children = (
				FA94E14B2C776A4500287070 /* OnFirstAppearViewModifier.swift */,
			);
			path = ViewModifiers;
			sourceTree = "<group>";
		};
		FADFF4E32C5C9F3A00F2BCB1 /* Subviews */ = {
			isa = PBXGroup;
			children = (
				FA65BE262C54064E001624A9 /* SignInEmailView.swift */,
				FADFF4E42C5C9F7900F2BCB1 /* SignInEmailViewModel.swift */,
			);
			path = Subviews;
			sourceTree = "<group>";
		};
		FADFF4E62C5C9FB900F2BCB1 /* Settings */ = {
			isa = PBXGroup;
			children = (
				FA4D5CFF2C55545A0063293A /* SettingsView.swift */,
				FADFF4E72C5C9FD500F2BCB1 /* SettingsViewModel.swift */,
			);
			path = Settings;
			sourceTree = "<group>";
		};
		FADFF4E92C5CA54D00F2BCB1 /* Firestore */ = {
			isa = PBXGroup;
			children = (
				FADFF4EA2C5CA5C500F2BCB1 /* UserManager.swift */,
				FA8E48A62C66193F00D2A3C0 /* ProductManager.swift */,
				FA94E14D2C7DAEF300287070 /* StorageManager.swift */,
			);
			path = Firestore;
			sourceTree = "<group>";
		};
		FADFF4EC2C5CB48100F2BCB1 /* Profile */ = {
			isa = PBXGroup;
			children = (
				FADFF4ED2C5CB4AC00F2BCB1 /* ProfileView.swift */,
				FADFF4EF2C5CB4BE00F2BCB1 /* ProfileViewModel.swift */,
			);
			path = Profile;
			sourceTree = "<group>";
		};
/* End PBXGroup section */

/* Begin PBXNativeTarget section */
		FA65BE072C535AE6001624A9 /* FirebasePractice */ = {
			isa = PBXNativeTarget;
			buildConfigurationList = FA65BE162C535AEB001624A9 /* Build configuration list for PBXNativeTarget "FirebasePractice" */;
			buildPhases = (
				FA65BE042C535AE6001624A9 /* Sources */,
				FA65BE052C535AE6001624A9 /* Frameworks */,
				FA65BE062C535AE6001624A9 /* Resources */,
				9E9BC6982C8E17AC00382B77 /* Run Script */,
			);
			buildRules = (
			);
			dependencies = (
			);
			name = FirebasePractice;
			packageProductDependencies = (
				9E0CE6F52C8C420B008196A0 /* GoogleSignIn */,
				9E0CE6F72C8C420B008196A0 /* GoogleSignInSwift */,
				9E0CE6F92C8C42EC008196A0 /* FirebaseAuth */,
				9E0CE6FB2C8C42EC008196A0 /* FirebaseAuthCombine-Community */,
				9E0CE6FD2C8C42EC008196A0 /* FirebaseCrashlytics */,
				9E0CE6FF2C8C42EC008196A0 /* FirebaseDatabase */,
				9E0CE7012C8C42EC008196A0 /* FirebaseFirestore */,
				9E0CE7032C8C42EC008196A0 /* FirebaseFirestoreCombine-Community */,
				9E0CE7052C8C42EC008196A0 /* FirebaseStorage */,
				9E9BC69A2C8F59F500382B77 /* FirebaseAnalytics */,
			);
			productName = FirebasePractice;
			productReference = FA65BE082C535AE6001624A9 /* FirebasePractice.app */;
			productType = "com.apple.product-type.application";
		};
/* End PBXNativeTarget section */

/* Begin PBXProject section */
		FA65BE002C535AE6001624A9 /* Project object */ = {
			isa = PBXProject;
			attributes = {
				BuildIndependentTargetsInParallel = 1;
				LastSwiftUpdateCheck = 1420;
				LastUpgradeCheck = 1420;
				TargetAttributes = {
					FA65BE072C535AE6001624A9 = {
						CreatedOnToolsVersion = 14.2;
					};
				};
			};
			buildConfigurationList = FA65BE032C535AE6001624A9 /* Build configuration list for PBXProject "FirebasePractice" */;
			compatibilityVersion = "Xcode 14.0";
			developmentRegion = en;
			hasScannedForEncodings = 0;
			knownRegions = (
				en,
				Base,
			);
			mainGroup = FA65BDFF2C535AE6001624A9;
			packageReferences = (
				9E0CE6F32C8C41DE008196A0 /* XCRemoteSwiftPackageReference "firebase-ios-sdk" */,
				9E0CE6F42C8C420B008196A0 /* XCRemoteSwiftPackageReference "GoogleSignIn-iOS" */,
			);
			productRefGroup = FA65BE092C535AE6001624A9 /* Products */;
			projectDirPath = "";
			projectRoot = "";
			targets = (
				FA65BE072C535AE6001624A9 /* FirebasePractice */,
			);
		};
/* End PBXProject section */

/* Begin PBXResourcesBuildPhase section */
		FA65BE062C535AE6001624A9 /* Resources */ = {
			isa = PBXResourcesBuildPhase;
			buildActionMask = 2147483647;
			files = (
				FA65BE132C535AEB001624A9 /* Preview Assets.xcassets in Resources */,
				9E0CE6F22C8C403F008196A0 /* GoogleService-Info.plist in Resources */,
				FA65BE102C535AEB001624A9 /* Assets.xcassets in Resources */,
			);
			runOnlyForDeploymentPostprocessing = 0;
		};
/* End PBXResourcesBuildPhase section */

/* Begin PBXShellScriptBuildPhase section */
		9E9BC6982C8E17AC00382B77 /* Run Script */ = {
			isa = PBXShellScriptBuildPhase;
			buildActionMask = 2147483647;
			files = (
			);
			inputFileListPaths = (
			);
			inputPaths = (
				"${DWARF_DSYM_FOLDER_PATH}/${DWARF_DSYM_FILE_NAME}",
				"${DWARF_DSYM_FOLDER_PATH}/${DWARF_DSYM_FILE_NAME}/Contents/Resources/DWARF/${PRODUCT_NAME}",
				"${DWARF_DSYM_FOLDER_PATH}/${DWARF_DSYM_FILE_NAME}/Contents/Info.plist",
				"$(TARGET_BUILD_DIR)/$(UNLOCALIZED_RESOURCES_FOLDER_PATH)/GoogleService-Info.plist",
				"$(TARGET_BUILD_DIR)/$(EXECUTABLE_PATH)",
			);
			name = "Run Script";
			outputFileListPaths = (
			);
			outputPaths = (
			);
			runOnlyForDeploymentPostprocessing = 0;
			shellPath = /bin/sh;
			shellScript = "\"${BUILD_DIR%/Build/*}/SourcePackages/checkouts/firebase-ios-sdk/Crashlytics/run\"\n\n";
		};
/* End PBXShellScriptBuildPhase section */

/* Begin PBXSourcesBuildPhase section */
		FA65BE042C535AE6001624A9 /* Sources */ = {
			isa = PBXSourcesBuildPhase;
			buildActionMask = 2147483647;
			files = (
				FADFF4E22C5C9EE000F2BCB1 /* AuthenticationViewModel.swift in Sources */,
				FA31185E2C59BAC2004A9CDE /* GoogleSignInHelper.swift in Sources */,
				FADFF4EB2C5CA5C500F2BCB1 /* UserManager.swift in Sources */,
				FA94E14E2C7DAEF300287070 /* StorageManager.swift in Sources */,
				FAD725FD2C54D328001C3F22 /* AuthenticationManager.swift in Sources */,
				FA4D5D002C55545A0063293A /* SettingsView.swift in Sources */,
				FA0F804F2C6EE60600CBD29B /* FavoritesViewModel.swift in Sources */,
				9E0CE7092C8C5022008196A0 /* CrashView.swift in Sources */,
				FADFF4E52C5C9F7900F2BCB1 /* SignInEmailViewModel.swift in Sources */,
				FA8E48A92C661A0500D2A3C0 /* ProductDatabase.swift in Sources */,
				FA8E48B12C66ECF400D2A3C0 /* ProductCellView.swift in Sources */,
				FA31185C2C5954E3004A9CDE /* ViewController.swift in Sources */,
				FADFF4EE2C5CB4AC00F2BCB1 /* ProfileView.swift in Sources */,
				FA65BE0C2C535AE7001624A9 /* FirebasePracticeApp.swift in Sources */,
				FA0F80512C6EF8EA00CBD29B /* ProductCellBuilderView.swift in Sources */,
				FA3118612C5A3F5F004A9CDE /* AppleSignInHelper.swift in Sources */,
				FAD725FF2C54D63E001C3F22 /* AuthDataModel.swift in Sources */,
				FA94E14C2C776A4500287070 /* OnFirstAppearViewModifier.swift in Sources */,
				FA8E48A72C66193F00D2A3C0 /* ProductManager.swift in Sources */,
				FA65BE272C54064E001624A9 /* SignInEmailView.swift in Sources */,
				FA8E48AE2C6639AC00D2A3C0 /* ProductsViewModel.swift in Sources */,
				FA0F80452C6C76E300CBD29B /* Query.swift in Sources */,
				FA65BE252C53CF27001624A9 /* AuthenticationView.swift in Sources */,
				FAD726012C54DE13001C3F22 /* RootView.swift in Sources */,
				FA0F80482C6DD26000CBD29B /* TabbarView.swift in Sources */,
				FA0F804D2C6DE38900CBD29B /* FavoritesView.swift in Sources */,
				FA8E48AC2C66398F00D2A3C0 /* ProductsView.swift in Sources */,
				FADFF4F02C5CB4BE00F2BCB1 /* ProfileViewModel.swift in Sources */,
				FADFF4E82C5C9FD500F2BCB1 /* SettingsViewModel.swift in Sources */,
			);
			runOnlyForDeploymentPostprocessing = 0;
		};
/* End PBXSourcesBuildPhase section */

/* Begin XCBuildConfiguration section */
		FA65BE142C535AEB001624A9 /* Debug */ = {
			isa = XCBuildConfiguration;
			buildSettings = {
				ALWAYS_SEARCH_USER_PATHS = NO;
				CLANG_ANALYZER_NONNULL = YES;
				CLANG_ANALYZER_NUMBER_OBJECT_CONVERSION = YES_AGGRESSIVE;
				CLANG_CXX_LANGUAGE_STANDARD = "gnu++20";
				CLANG_ENABLE_MODULES = YES;
				CLANG_ENABLE_OBJC_ARC = YES;
				CLANG_ENABLE_OBJC_WEAK = YES;
				CLANG_WARN_BLOCK_CAPTURE_AUTORELEASING = YES;
				CLANG_WARN_BOOL_CONVERSION = YES;
				CLANG_WARN_COMMA = YES;
				CLANG_WARN_CONSTANT_CONVERSION = YES;
				CLANG_WARN_DEPRECATED_OBJC_IMPLEMENTATIONS = YES;
				CLANG_WARN_DIRECT_OBJC_ISA_USAGE = YES_ERROR;
				CLANG_WARN_DOCUMENTATION_COMMENTS = YES;
				CLANG_WARN_EMPTY_BODY = YES;
				CLANG_WARN_ENUM_CONVERSION = YES;
				CLANG_WARN_INFINITE_RECURSION = YES;
				CLANG_WARN_INT_CONVERSION = YES;
				CLANG_WARN_NON_LITERAL_NULL_CONVERSION = YES;
				CLANG_WARN_OBJC_IMPLICIT_RETAIN_SELF = YES;
				CLANG_WARN_OBJC_LITERAL_CONVERSION = YES;
				CLANG_WARN_OBJC_ROOT_CLASS = YES_ERROR;
				CLANG_WARN_QUOTED_INCLUDE_IN_FRAMEWORK_HEADER = YES;
				CLANG_WARN_RANGE_LOOP_ANALYSIS = YES;
				CLANG_WARN_STRICT_PROTOTYPES = YES;
				CLANG_WARN_SUSPICIOUS_MOVE = YES;
				CLANG_WARN_UNGUARDED_AVAILABILITY = YES_AGGRESSIVE;
				CLANG_WARN_UNREACHABLE_CODE = YES;
				CLANG_WARN__DUPLICATE_METHOD_MATCH = YES;
				COPY_PHASE_STRIP = NO;
				DEBUG_INFORMATION_FORMAT = "dwarf-with-dsym";
				ENABLE_STRICT_OBJC_MSGSEND = YES;
				ENABLE_TESTABILITY = YES;
				GCC_C_LANGUAGE_STANDARD = gnu11;
				GCC_DYNAMIC_NO_PIC = NO;
				GCC_NO_COMMON_BLOCKS = YES;
				GCC_OPTIMIZATION_LEVEL = 0;
				GCC_PREPROCESSOR_DEFINITIONS = (
					"DEBUG=1",
					"$(inherited)",
				);
				GCC_WARN_64_TO_32_BIT_CONVERSION = YES;
				GCC_WARN_ABOUT_RETURN_TYPE = YES_ERROR;
				GCC_WARN_UNDECLARED_SELECTOR = YES;
				GCC_WARN_UNINITIALIZED_AUTOS = YES_AGGRESSIVE;
				GCC_WARN_UNUSED_FUNCTION = YES;
				GCC_WARN_UNUSED_VARIABLE = YES;
				IPHONEOS_DEPLOYMENT_TARGET = 16.2;
				MTL_ENABLE_DEBUG_INFO = INCLUDE_SOURCE;
				MTL_FAST_MATH = YES;
				ONLY_ACTIVE_ARCH = YES;
				SDKROOT = iphoneos;
				SWIFT_ACTIVE_COMPILATION_CONDITIONS = DEBUG;
				SWIFT_OPTIMIZATION_LEVEL = "-Onone";
			};
			name = Debug;
		};
		FA65BE152C535AEB001624A9 /* Release */ = {
			isa = XCBuildConfiguration;
			buildSettings = {
				ALWAYS_SEARCH_USER_PATHS = NO;
				CLANG_ANALYZER_NONNULL = YES;
				CLANG_ANALYZER_NUMBER_OBJECT_CONVERSION = YES_AGGRESSIVE;
				CLANG_CXX_LANGUAGE_STANDARD = "gnu++20";
				CLANG_ENABLE_MODULES = YES;
				CLANG_ENABLE_OBJC_ARC = YES;
				CLANG_ENABLE_OBJC_WEAK = YES;
				CLANG_WARN_BLOCK_CAPTURE_AUTORELEASING = YES;
				CLANG_WARN_BOOL_CONVERSION = YES;
				CLANG_WARN_COMMA = YES;
				CLANG_WARN_CONSTANT_CONVERSION = YES;
				CLANG_WARN_DEPRECATED_OBJC_IMPLEMENTATIONS = YES;
				CLANG_WARN_DIRECT_OBJC_ISA_USAGE = YES_ERROR;
				CLANG_WARN_DOCUMENTATION_COMMENTS = YES;
				CLANG_WARN_EMPTY_BODY = YES;
				CLANG_WARN_ENUM_CONVERSION = YES;
				CLANG_WARN_INFINITE_RECURSION = YES;
				CLANG_WARN_INT_CONVERSION = YES;
				CLANG_WARN_NON_LITERAL_NULL_CONVERSION = YES;
				CLANG_WARN_OBJC_IMPLICIT_RETAIN_SELF = YES;
				CLANG_WARN_OBJC_LITERAL_CONVERSION = YES;
				CLANG_WARN_OBJC_ROOT_CLASS = YES_ERROR;
				CLANG_WARN_QUOTED_INCLUDE_IN_FRAMEWORK_HEADER = YES;
				CLANG_WARN_RANGE_LOOP_ANALYSIS = YES;
				CLANG_WARN_STRICT_PROTOTYPES = YES;
				CLANG_WARN_SUSPICIOUS_MOVE = YES;
				CLANG_WARN_UNGUARDED_AVAILABILITY = YES_AGGRESSIVE;
				CLANG_WARN_UNREACHABLE_CODE = YES;
				CLANG_WARN__DUPLICATE_METHOD_MATCH = YES;
				COPY_PHASE_STRIP = NO;
				DEBUG_INFORMATION_FORMAT = "dwarf-with-dsym";
				ENABLE_NS_ASSERTIONS = NO;
				ENABLE_STRICT_OBJC_MSGSEND = YES;
				GCC_C_LANGUAGE_STANDARD = gnu11;
				GCC_NO_COMMON_BLOCKS = YES;
				GCC_WARN_64_TO_32_BIT_CONVERSION = YES;
				GCC_WARN_ABOUT_RETURN_TYPE = YES_ERROR;
				GCC_WARN_UNDECLARED_SELECTOR = YES;
				GCC_WARN_UNINITIALIZED_AUTOS = YES_AGGRESSIVE;
				GCC_WARN_UNUSED_FUNCTION = YES;
				GCC_WARN_UNUSED_VARIABLE = YES;
				IPHONEOS_DEPLOYMENT_TARGET = 16.2;
				MTL_ENABLE_DEBUG_INFO = NO;
				MTL_FAST_MATH = YES;
				SDKROOT = iphoneos;
				SWIFT_COMPILATION_MODE = wholemodule;
				SWIFT_OPTIMIZATION_LEVEL = "-O";
				VALIDATE_PRODUCT = YES;
			};
			name = Release;
		};
		FA65BE172C535AEB001624A9 /* Debug */ = {
			isa = XCBuildConfiguration;
			buildSettings = {
				ASSETCATALOG_COMPILER_APPICON_NAME = AppIcon;
				ASSETCATALOG_COMPILER_GLOBAL_ACCENT_COLOR_NAME = AccentColor;
				CODE_SIGN_ENTITLEMENTS = FirebasePractice/FirebasePractice.entitlements;
				CODE_SIGN_STYLE = Automatic;
				CURRENT_PROJECT_VERSION = 1;
				DEVELOPMENT_ASSET_PATHS = "\"FirebasePractice/Preview Content\"";
				DEVELOPMENT_TEAM = 69CU444UTA;
				ENABLE_PREVIEWS = YES;
				GENERATE_INFOPLIST_FILE = YES;
				INFOPLIST_FILE = FirebasePractice/Info.plist;
				INFOPLIST_KEY_UIApplicationSceneManifest_Generation = YES;
				INFOPLIST_KEY_UIApplicationSupportsIndirectInputEvents = YES;
				INFOPLIST_KEY_UILaunchScreen_Generation = YES;
				INFOPLIST_KEY_UISupportedInterfaceOrientations_iPad = "UIInterfaceOrientationPortrait UIInterfaceOrientationPortraitUpsideDown UIInterfaceOrientationLandscapeLeft UIInterfaceOrientationLandscapeRight";
				INFOPLIST_KEY_UISupportedInterfaceOrientations_iPhone = "UIInterfaceOrientationPortrait UIInterfaceOrientationLandscapeLeft UIInterfaceOrientationLandscapeRight";
				LD_RUNPATH_SEARCH_PATHS = (
					"$(inherited)",
					"@executable_path/Frameworks",
				);
				MARKETING_VERSION = 1.0;
				PRODUCT_BUNDLE_IDENTIFIER = com.FirebasePractice;
				PRODUCT_NAME = "$(TARGET_NAME)";
				SWIFT_EMIT_LOC_STRINGS = YES;
				SWIFT_VERSION = 5.0;
				TARGETED_DEVICE_FAMILY = "1,2";
			};
			name = Debug;
		};
		FA65BE182C535AEB001624A9 /* Release */ = {
			isa = XCBuildConfiguration;
			buildSettings = {
				ASSETCATALOG_COMPILER_APPICON_NAME = AppIcon;
				ASSETCATALOG_COMPILER_GLOBAL_ACCENT_COLOR_NAME = AccentColor;
				CODE_SIGN_ENTITLEMENTS = FirebasePractice/FirebasePractice.entitlements;
				CODE_SIGN_STYLE = Automatic;
				CURRENT_PROJECT_VERSION = 1;
				DEVELOPMENT_ASSET_PATHS = "\"FirebasePractice/Preview Content\"";
				DEVELOPMENT_TEAM = 69CU444UTA;
				ENABLE_PREVIEWS = YES;
				GENERATE_INFOPLIST_FILE = YES;
				INFOPLIST_FILE = FirebasePractice/Info.plist;
				INFOPLIST_KEY_UIApplicationSceneManifest_Generation = YES;
				INFOPLIST_KEY_UIApplicationSupportsIndirectInputEvents = YES;
				INFOPLIST_KEY_UILaunchScreen_Generation = YES;
				INFOPLIST_KEY_UISupportedInterfaceOrientations_iPad = "UIInterfaceOrientationPortrait UIInterfaceOrientationPortraitUpsideDown UIInterfaceOrientationLandscapeLeft UIInterfaceOrientationLandscapeRight";
				INFOPLIST_KEY_UISupportedInterfaceOrientations_iPhone = "UIInterfaceOrientationPortrait UIInterfaceOrientationLandscapeLeft UIInterfaceOrientationLandscapeRight";
				LD_RUNPATH_SEARCH_PATHS = (
					"$(inherited)",
					"@executable_path/Frameworks",
				);
				MARKETING_VERSION = 1.0;
				PRODUCT_BUNDLE_IDENTIFIER = com.FirebasePractice;
				PRODUCT_NAME = "$(TARGET_NAME)";
				SWIFT_EMIT_LOC_STRINGS = YES;
				SWIFT_VERSION = 5.0;
				TARGETED_DEVICE_FAMILY = "1,2";
			};
			name = Release;
		};
/* End XCBuildConfiguration section */

/* Begin XCConfigurationList section */
		FA65BE032C535AE6001624A9 /* Build configuration list for PBXProject "FirebasePractice" */ = {
			isa = XCConfigurationList;
			buildConfigurations = (
				FA65BE142C535AEB001624A9 /* Debug */,
				FA65BE152C535AEB001624A9 /* Release */,
			);
			defaultConfigurationIsVisible = 0;
			defaultConfigurationName = Release;
		};
		FA65BE162C535AEB001624A9 /* Build configuration list for PBXNativeTarget "FirebasePractice" */ = {
			isa = XCConfigurationList;
			buildConfigurations = (
				FA65BE172C535AEB001624A9 /* Debug */,
				FA65BE182C535AEB001624A9 /* Release */,
			);
			defaultConfigurationIsVisible = 0;
			defaultConfigurationName = Release;
		};
/* End XCConfigurationList section */

/* Begin XCRemoteSwiftPackageReference section */
		9E0CE6F32C8C41DE008196A0 /* XCRemoteSwiftPackageReference "firebase-ios-sdk" */ = {
			isa = XCRemoteSwiftPackageReference;
			repositoryURL = "https://github.com/firebase/firebase-ios-sdk.git";
			requirement = {
				kind = upToNextMajorVersion;
				minimumVersion = 11.1.0;
			};
		};
		9E0CE6F42C8C420B008196A0 /* XCRemoteSwiftPackageReference "GoogleSignIn-iOS" */ = {
			isa = XCRemoteSwiftPackageReference;
			repositoryURL = "https://github.com/google/GoogleSignIn-iOS.git";
			requirement = {
				kind = upToNextMajorVersion;
				minimumVersion = 8.0.0;
			};
		};
/* End XCRemoteSwiftPackageReference section */

/* Begin XCSwiftPackageProductDependency section */
		9E0CE6F52C8C420B008196A0 /* GoogleSignIn */ = {
			isa = XCSwiftPackageProductDependency;
			package = 9E0CE6F42C8C420B008196A0 /* XCRemoteSwiftPackageReference "GoogleSignIn-iOS" */;
			productName = GoogleSignIn;
		};
		9E0CE6F72C8C420B008196A0 /* GoogleSignInSwift */ = {
			isa = XCSwiftPackageProductDependency;
			package = 9E0CE6F42C8C420B008196A0 /* XCRemoteSwiftPackageReference "GoogleSignIn-iOS" */;
			productName = GoogleSignInSwift;
		};
		9E0CE6F92C8C42EC008196A0 /* FirebaseAuth */ = {
			isa = XCSwiftPackageProductDependency;
			package = 9E0CE6F32C8C41DE008196A0 /* XCRemoteSwiftPackageReference "firebase-ios-sdk" */;
			productName = FirebaseAuth;
		};
		9E0CE6FB2C8C42EC008196A0 /* FirebaseAuthCombine-Community */ = {
			isa = XCSwiftPackageProductDependency;
			package = 9E0CE6F32C8C41DE008196A0 /* XCRemoteSwiftPackageReference "firebase-ios-sdk" */;
			productName = "FirebaseAuthCombine-Community";
		};
		9E0CE6FD2C8C42EC008196A0 /* FirebaseCrashlytics */ = {
			isa = XCSwiftPackageProductDependency;
			package = 9E0CE6F32C8C41DE008196A0 /* XCRemoteSwiftPackageReference "firebase-ios-sdk" */;
			productName = FirebaseCrashlytics;
		};
		9E0CE6FF2C8C42EC008196A0 /* FirebaseDatabase */ = {
			isa = XCSwiftPackageProductDependency;
			package = 9E0CE6F32C8C41DE008196A0 /* XCRemoteSwiftPackageReference "firebase-ios-sdk" */;
			productName = FirebaseDatabase;
		};
		9E0CE7012C8C42EC008196A0 /* FirebaseFirestore */ = {
			isa = XCSwiftPackageProductDependency;
			package = 9E0CE6F32C8C41DE008196A0 /* XCRemoteSwiftPackageReference "firebase-ios-sdk" */;
			productName = FirebaseFirestore;
		};
		9E0CE7032C8C42EC008196A0 /* FirebaseFirestoreCombine-Community */ = {
			isa = XCSwiftPackageProductDependency;
			package = 9E0CE6F32C8C41DE008196A0 /* XCRemoteSwiftPackageReference "firebase-ios-sdk" */;
			productName = "FirebaseFirestoreCombine-Community";
		};
		9E0CE7052C8C42EC008196A0 /* FirebaseStorage */ = {
			isa = XCSwiftPackageProductDependency;
			package = 9E0CE6F32C8C41DE008196A0 /* XCRemoteSwiftPackageReference "firebase-ios-sdk" */;
			productName = FirebaseStorage;
		};
		9E9BC69A2C8F59F500382B77 /* FirebaseAnalytics */ = {
			isa = XCSwiftPackageProductDependency;
			package = 9E0CE6F32C8C41DE008196A0 /* XCRemoteSwiftPackageReference "firebase-ios-sdk" */;
			productName = FirebaseAnalytics;
		};
/* End XCSwiftPackageProductDependency section */
	};
	rootObject = FA65BE002C535AE6001624A9 /* Project object */;
}
